github.com/bep/gitjoin.com v0.0.0-20260525154453-0b7004aa130b h1:DGQ3HRrivbggtWsZJGw5ePilnUVDJmmrFlR8Ed7S95I=
github.com/bep/gitjoin.com v0.0.0-20260525154453-0b7004aa130b/go.mod h1:/Yt5UNSPSjTmK9OlcGyzJL5grJu3ov+C8OE2uu/b1Zk=
github.com/bep/gitjoin.com v0.0.0-20260525184413-f431595aafb4 h1:iq51dDfuLhlqaxdhqiAMk0LOyaQAXCnagGgXXrj0cYo=
github.com/bep/gitjoin.com v0.0.0-20260525184413-f431595aafb4/go.mod h1:/Yt5UNSPSjTmK9OlcGyzJL5grJu3ov+C8OE2uu/b1Zk=
